{
  "name": "demo-1",
  "version": "0.1.0",
  "lockfileVersion": 3,
  "requires": true,
  "packages": {
    "": {
      "name": "demo-1",
      "version": "0.1.0",
      "devDependencies": {
        "serverless-layers": "2.8.0"
      }
    },
    "node_modules/@babel/runtime": {
      "version": "7.20.7",
      "dev": true,
      "license": "MIT",
      "dependencies": {
        "regenerator-runtime": "^0.13.11"
      },
      "engines": {
        "node": ">=6.9.0"
      }
    },
    "node_modules/@cloudcmd/copy-file": {
      "version": "1.1.1",
      "dev": true,
      "license": "MIT",
      "dependencies": {
        "es6-promisify": "^6.0.0",
        "pipe-io": "^3.0.0",
        "wraptile": "^2.0.0",
        "zames": "^2.0.0"
      },
      "engines": {
        "node": ">=4.0.0"
      }
    },
    "node_modules/ansi-styles": {
      "version": "4.3.0",
      "dev": true,
      "license": "MIT",
      "dependencies": {
        "color-convert": "^2.0.1"
      },
      "engines": {
        "node": ">=8"
      },
      "funding": {
        "url": "https://github.com/chalk/ansi-styles?sponsor=1"
      }
    },
    "node_modules/archiver": {
      "version": "3.1.1",
      "dev": true,
      "license": "MIT",
      "dependencies": {
        "archiver-utils": "^2.1.0",
        "async": "^2.6.3",
        "buffer-crc32": "^0.2.1",
        "glob": "^7.1.4",
        "readable-stream": "^3.4.0",
        "tar-stream": "^2.1.0",
        "zip-stream": "^2.1.2"
      },
      "engines": {
        "node": ">= 6"
      }
    },
    "node_modules/archiver-utils": {
      "version": "2.1.0",
      "dev": true,
      "license": "MIT",
      "dependencies": {
        "glob": "^7.1.4",
        "graceful-fs": "^4.2.0",
        "lazystream": "^1.0.0",
        "lodash.defaults": "^4.2.0",
        "lodash.difference": "^4.5.0",
        "lodash.flatten": "^4.4.0",
        "lodash.isplainobject": "^4.0.6",
        "lodash.union": "^4.6.0",
        "normalize-path": "^3.0.0",
        "readable-stream": "^2.0.0"
      },
      "engines": {
        "node": ">= 6"
      }
    },
    "node_modules/archiver-utils/node_modules/readable-stream": {
      "version": "2.3.7",
      "dev": true,
      "license": "MIT",
      "dependencies": {
        "core-util-is": "~1.0.0",
        "inherits": "~2.0.3",
        "isarray": "~1.0.0",
        "process-nextick-args": "~2.0.0",
        "safe-buffer": "~5.1.1",
        "string_decoder": "~1.1.1",
        "util-deprecate": "~1.0.1"
      }
    },
    "node_modules/archiver-utils/node_modules/string_decoder": {
      "version": "1.1.1",
      "dev": true,
      "license": "MIT",
      "dependencies": {
        "safe-buffer": "~5.1.0"
      }
    },
    "node_modules/async": {
      "version": "2.6.4",
      "dev": true,
      "license": "MIT",
      "dependencies": {
        "lodash": "^4.17.14"
      }
    },
    "node_modules/balanced-match": {
      "version": "1.0.2",
      "dev": true,
      "license": "MIT"
    },
    "node_modules/base64-js": {
      "version": "1.5.1",
      "dev": true,
      "funding": [
        {
          "type": "github",
          "url": "https://github.com/sponsors/feross"
        },
        {
          "type": "patreon",
          "url": "https://www.patreon.com/feross"
        },
        {
          "type": "consulting",
          "url": "https://feross.org/support"
        }
      ],
      "license": "MIT"
    },
    "node_modules/bl": {
      "version": "4.1.0",
      "dev": true,
      "license": "MIT",
      "dependencies": {
        "buffer": "^5.5.0",
        "inherits": "^2.0.4",
        "readable-stream": "^3.4.0"
      }
    },
    "node_modules/bluebird": {
      "version": "3.7.2",
      "dev": true,
      "license": "MIT"
    },
    "node_modules/brace-expansion": {
      "version": "1.1.11",
      "dev": true,
      "license": "MIT",
      "dependencies": {
        "balanced-match": "^1.0.0",
        "concat-map": "0.0.1"
      }
    },
    "node_modules/buffer": {
      "version": "5.7.1",
      "dev": true,
      "funding": [
        {
          "type": "github",
          "url": "https://github.com/sponsors/feross"
        },
        {
          "type": "patreon",
          "url": "https://www.patreon.com/feross"
        },
        {
          "type": "consulting",
          "url": "https://feross.org/support"
        }
      ],
      "license": "MIT",
      "dependencies": {
        "base64-js": "^1.3.1",
        "ieee754": "^1.1.13"
      }
    },
    "node_modules/buffer-crc32": {
      "version": "0.2.13",
      "dev": true,
      "license": "MIT",
      "engines": {
        "node": "*"
      }
    },
    "node_modules/chalk": {
      "version": "3.0.0",
      "dev": true,
      "license": "MIT",
      "dependencies": {
        "ansi-styles": "^4.1.0",
        "supports-color": "^7.1.0"
      },
      "engines": {
        "node": ">=8"
      }
    },
    "node_modules/color-convert": {
      "version": "2.0.1",
      "dev": true,
      "license": "MIT",
      "dependencies": {
        "color-name": "~1.1.4"
      },
      "engines": {
        "node": ">=7.0.0"
      }
    },
    "node_modules/color-name": {
      "version": "1.1.4",
      "dev": true,
      "license": "MIT"
    },
    "node_modules/compress-commons": {
      "version": "2.1.1",
      "dev": true,
      "license": "MIT",
      "dependencies": {
        "buffer-crc32": "^0.2.13",
        "crc32-stream": "^3.0.1",
        "normalize-path": "^3.0.0",
        "readable-stream": "^2.3.6"
      },
      "engines": {
        "node": ">= 6"
      }
    },
    "node_modules/compress-commons/node_modules/readable-stream": {
      "version": "2.3.7",
      "dev": true,
      "license": "MIT",
      "dependencies": {
        "core-util-is": "~1.0.0",
        "inherits": "~2.0.3",
        "isarray": "~1.0.0",
        "process-nextick-args": "~2.0.0",
        "safe-buffer": "~5.1.1",
        "string_decoder": "~1.1.1",
        "util-deprecate": "~1.0.1"
      }
    },
    "node_modules/compress-commons/node_modules/string_decoder": {
      "version": "1.1.1",
      "dev": true,
      "license": "MIT",
      "dependencies": {
        "safe-buffer": "~5.1.0"
      }
    },
    "node_modules/concat-map": {
      "version": "0.0.1",
      "dev": true,
      "license": "MIT"
    },
    "node_modules/core-util-is": {
      "version": "1.0.3",
      "dev": true,
      "license": "MIT"
    },
    "node_modules/crc": {
      "version": "3.8.0",
      "dev": true,
      "license": "MIT",
      "dependencies": {
        "buffer": "^5.1.0"
      }
    },
    "node_modules/crc32-stream": {
      "version": "3.0.1",
      "dev": true,
      "license": "MIT",
      "dependencies": {
        "crc": "^3.4.4",
        "readable-stream": "^3.4.0"
      },
      "engines": {
        "node": ">= 6.9.0"
      }
    },
    "node_modules/currify": {
      "version": "3.0.0",
      "dev": true,
      "license": "MIT"
    },
    "node_modules/debug": {
      "version": "4.3.4",
      "dev": true,
      "license": "MIT",
      "dependencies": {
        "ms": "2.1.2"
      },
      "engines": {
        "node": ">=6.0"
      },
      "peerDependenciesMeta": {
        "supports-color": {
          "optional": true
        }
      }
    },
    "node_modules/end-of-stream": {
      "version": "1.4.4",
      "dev": true,
      "license": "MIT",
      "dependencies": {
        "once": "^1.4.0"
      }
    },
    "node_modules/es6-promisify": {
      "version": "6.1.1",
      "dev": true,
      "license": "MIT"
    },
    "node_modules/folder-hash": {
      "version": "3.3.3",
      "dev": true,
      "license": "MIT",
      "dependencies": {
        "debug": "^4.1.1",
        "graceful-fs": "~4.2.0",
        "minimatch": "~3.0.4"
      },
      "bin": {
        "folder-hash": "bin/folder-hash"
      },
      "engines": {
        "node": ">=6.0.0"
      }
    },
    "node_modules/folder-hash/node_modules/minimatch": {
      "version": "3.0.8",
      "dev": true,
      "license": "ISC",
      "dependencies": {
        "brace-expansion": "^1.1.7"
      },
      "engines": {
        "node": "*"
      }
    },
    "node_modules/fs-constants": {
      "version": "1.0.0",
      "dev": true,
      "license": "MIT"
    },
    "node_modules/fs-copy-file": {
      "version": "2.1.2",
      "dev": true,
      "license": "MIT",
      "dependencies": {
        "@cloudcmd/copy-file": "^1.1.0"
      },
      "engines": {
        "node": ">=4"
      }
    },
    "node_modules/fs-extra": {
      "version": "8.1.0",
      "dev": true,
      "license": "MIT",
      "dependencies": {
        "graceful-fs": "^4.2.0",
        "jsonfile": "^4.0.0",
        "universalify": "^0.1.0"
      },
      "engines": {
        "node": ">=6 <7 || >=8"
      }
    },
    "node_modules/fs.realpath": {
      "version": "1.0.0",
      "dev": true,
      "license": "ISC"
    },
    "node_modules/glob": {
      "version": "7.2.3",
      "dev": true,
      "license": "ISC",
      "dependencies": {
        "fs.realpath": "^1.0.0",
        "inflight": "^1.0.4",
        "inherits": "2",
        "minimatch": "^3.1.1",
        "once": "^1.3.0",
        "path-is-absolute": "^1.0.0"
      },
      "engines": {
        "node": "*"
      },
      "funding": {
        "url": "https://github.com/sponsors/isaacs"
      }
    },
    "node_modules/graceful-fs": {
      "version": "4.2.10",
      "dev": true,
      "license": "ISC"
    },
    "node_modules/has-flag": {
      "version": "4.0.0",
      "dev": true,
      "license": "MIT",
      "engines": {
        "node": ">=8"
      }
    },
    "node_modules/ieee754": {
      "version": "1.2.1",
      "dev": true,
      "funding": [
        {
          "type": "github",
          "url": "https://github.com/sponsors/feross"
        },
        {
          "type": "patreon",
          "url": "https://www.patreon.com/feross"
        },
        {
          "type": "consulting",
          "url": "https://feross.org/support"
        }
      ],
      "license": "BSD-3-Clause"
    },
    "node_modules/inflight": {
      "version": "1.0.6",
      "dev": true,
      "license": "ISC",
      "dependencies": {
        "once": "^1.3.0",
        "wrappy": "1"
      }
    },
    "node_modules/inherits": {
      "version": "2.0.4",
      "dev": true,
      "license": "ISC"
    },
    "node_modules/isarray": {
      "version": "1.0.0",
      "dev": true,
      "license": "MIT"
    },
    "node_modules/jsonfile": {
      "version": "4.0.0",
      "dev": true,
      "license": "MIT",
      "optionalDependencies": {
        "graceful-fs": "^4.1.6"
      }
    },
    "node_modules/lazystream": {
      "version": "1.0.1",
      "dev": true,
      "license": "MIT",
      "dependencies": {
        "readable-stream": "^2.0.5"
      },
      "engines": {
        "node": ">= 0.6.3"
      }
    },
    "node_modules/lazystream/node_modules/readable-stream": {
      "version": "2.3.7",
      "dev": true,
      "license": "MIT",
      "dependencies": {
        "core-util-is": "~1.0.0",
        "inherits": "~2.0.3",
        "isarray": "~1.0.0",
        "process-nextick-args": "~2.0.0",
        "safe-buffer": "~5.1.1",
        "string_decoder": "~1.1.1",
        "util-deprecate": "~1.0.1"
      }
    },
    "node_modules/lazystream/node_modules/string_decoder": {
      "version": "1.1.1",
      "dev": true,
      "license": "MIT",
      "dependencies": {
        "safe-buffer": "~5.1.0"
      }
    },
    "node_modules/lodash": {
      "version": "4.17.21",
      "dev": true,
      "license": "MIT"
    },
    "node_modules/lodash.defaults": {
      "version": "4.2.0",
      "dev": true,
      "license": "MIT"
    },
    "node_modules/lodash.difference": {
      "version": "4.5.0",
      "dev": true,
      "license": "MIT"
    },
    "node_modules/lodash.flatten": {
      "version": "4.4.0",
      "dev": true,
      "license": "MIT"
    },
    "node_modules/lodash.isplainobject": {
      "version": "4.0.6",
      "dev": true,
      "license": "MIT"
    },
    "node_modules/lodash.union": {
      "version": "4.6.0",
      "dev": true,
      "license": "MIT"
    },
    "node_modules/lru-cache": {
      "version": "6.0.0",
      "dev": true,
      "license": "ISC",
      "dependencies": {
        "yallist": "^4.0.0"
      },
      "engines": {
        "node": ">=10"
      }
    },
    "node_modules/minimatch": {
      "version": "3.1.2",
      "dev": true,
      "license": "ISC",
      "dependencies": {
        "brace-expansion": "^1.1.7"
      },
      "engines": {
        "node": "*"
      }
    },
    "node_modules/minimist": {
      "version": "1.2.7",
      "dev": true,
      "license": "MIT",
      "funding": {
        "url": "https://github.com/sponsors/ljharb"
      }
    },
    "node_modules/mkdirp": {
      "version": "0.5.6",
      "dev": true,
      "license": "MIT",
      "dependencies": {
        "minimist": "^1.2.6"
      },
      "bin": {
        "mkdirp": "bin/cmd.js"
      }
    },
    "node_modules/ms": {
      "version": "2.1.2",
      "dev": true,
      "license": "MIT"
    },
    "node_modules/normalize-path": {
      "version": "3.0.0",
      "dev": true,
      "license": "MIT",
      "engines": {
        "node": ">=0.10.0"
      }
    },
    "node_modules/once": {
      "version": "1.4.0",
      "dev": true,
      "license": "ISC",
      "dependencies": {
        "wrappy": "1"
      }
    },
    "node_modules/path-is-absolute": {
      "version": "1.0.1",
      "dev": true,
      "license": "MIT",
      "engines": {
        "node": ">=0.10.0"
      }
    },
    "node_modules/pipe-io": {
      "version": "3.0.12",
      "dev": true,
      "license": "MIT",
      "engines": {
        "node": ">=4"
      }
    },
    "node_modules/process-nextick-args": {
      "version": "2.0.1",
      "dev": true,
      "license": "MIT"
    },
    "node_modules/readable-stream": {
      "version": "3.6.0",
      "dev": true,
      "license": "MIT",
      "dependencies": {
        "inherits": "^2.0.3",
        "string_decoder": "^1.1.1",
        "util-deprecate": "^1.0.1"
      },
      "engines": {
        "node": ">= 6"
      }
    },
    "node_modules/regenerator-runtime": {
      "version": "0.13.11",
      "dev": true,
      "license": "MIT"
    },
    "node_modules/safe-buffer": {
      "version": "5.1.2",
      "dev": true,
      "license": "MIT"
    },
    "node_modules/semver": {
      "version": "7.3.8",
      "dev": true,
      "license": "ISC",
      "dependencies": {
        "lru-cache": "^6.0.0"
      },
      "bin": {
        "semver": "bin/semver.js"
      },
      "engines": {
        "node": ">=10"
      }
    },
    "node_modules/serverless-layers": {
      "version": "2.8.0",
      "resolved": "git+ssh://git@github.com/agutoli/serverless-layers.git#eee69080b04292fbd703ed92b9a8e8ca8beed79a",
      "dev": true,
      "license": "MIT",
      "dependencies": {
        "@babel/runtime": "^7.3.1",
        "archiver": "^3.0.0",
        "bluebird": "^3.5.3",
        "chalk": "^3.0.0",
        "folder-hash": "^3.3.0",
        "fs-copy-file": "^2.1.2",
        "fs-extra": "^8.1.0",
        "glob": "^7.1.6",
        "mkdirp": "^0.5.6",
        "semver": "^7.3.2",
        "slugify": "^1.4.0"
      }
    },
    "node_modules/slugify": {
      "version": "1.6.5",
      "dev": true,
      "license": "MIT",
      "engines": {
        "node": ">=8.0.0"
      }
    },
    "node_modules/string_decoder": {
      "version": "1.3.0",
      "dev": true,
      "license": "MIT",
      "dependencies": {
        "safe-buffer": "~5.2.0"
      }
    },
    "node_modules/string_decoder/node_modules/safe-buffer": {
      "version": "5.2.1",
      "dev": true,
      "funding": [
        {
          "type": "github",
          "url": "https://github.com/sponsors/feross"
        },
        {
          "type": "patreon",
          "url": "https://www.patreon.com/feross"
        },
        {
          "type": "consulting",
          "url": "https://feross.org/support"
        }
      ],
      "license": "MIT"
    },
    "node_modules/supports-color": {
      "version": "7.2.0",
      "dev": true,
      "license": "MIT",
      "dependencies": {
        "has-flag": "^4.0.0"
      },
      "engines": {
        "node": ">=8"
      }
    },
    "node_modules/tar-stream": {
      "version": "2.2.0",
      "dev": true,
      "license": "MIT",
      "dependencies": {
        "bl": "^4.0.3",
        "end-of-stream": "^1.4.1",
        "fs-constants": "^1.0.0",
        "inherits": "^2.0.3",
        "readable-stream": "^3.1.1"
      },
      "engines": {
        "node": ">=6"
      }
    },
    "node_modules/universalify": {
      "version": "0.1.2",
      "dev": true,
      "license": "MIT",
      "engines": {
        "node": ">= 4.0.0"
      }
    },
    "node_modules/util-deprecate": {
      "version": "1.0.2",
      "dev": true,
      "license": "MIT"
    },
    "node_modules/wrappy": {
      "version": "1.0.2",
      "dev": true,
      "license": "ISC"
    },
    "node_modules/wraptile": {
      "version": "2.0.0",
      "dev": true,
      "license": "MIT"
    },
    "node_modules/yallist": {
      "version": "4.0.0",
      "dev": true,
      "license": "ISC"
    },
    "node_modules/zames": {
      "version": "2.0.1",
      "dev": true,
      "license": "MIT",
      "dependencies": {
        "currify": "^3.0.0",
        "es6-promisify": "^6.0.0"
      }
    },
    "node_modules/zip-stream": {
      "version": "2.1.3",
      "dev": true,
      "license": "MIT",
      "dependencies": {
        "archiver-utils": "^2.1.0",
        "compress-commons": "^2.1.1",
        "readable-stream": "^3.4.0"
      },
      "engines": {
        "node": ">= 6"
      }
    }
  }
}
